lockfileVersion: '9.0'

settings:
  autoInstallPeers: true
  excludeLinksFromLockfile: false

importers:

  .:
    dependencies:
      '@hookform/resolvers':
        specifier: ^5.2.2
        version: 5.2.2(react-hook-form@7.63.0(react@19.1.1))

packages:

  '@hookform/resolvers@5.2.2':
    resolution: {integrity: sha512-A/IxlMLShx3KjV/HeTcTfaMxdwy690+L/ZADoeaTltLx+CVuzkeVIPuybK3jrRfw7YZnmdKsVVHAlEPIAEUNlA==}
    peerDependencies:
      react-hook-form: ^7.55.0

  '@standard-schema/utils@0.3.0':
    resolution: {integrity: sha512-e7Mew686owMaPJVNNLs55PUvgz371nKgwsc4vxE49zsODpJEnxgxRo2y/OKrqueavXgZNMDVj3DdHFlaSAeU8g==}

  react-hook-form@7.63.0:
    resolution: {integrity: sha512-ZwueDMvUeucovM2VjkCf7zIHcs1aAlDimZu2Hvel5C5907gUzMpm4xCrQXtRzCvsBqFjonB4m3x4LzCFI1ZKWA==}
    engines: {node: '>=18.0.0'}
    peerDependencies:
      react: ^16.8.0 || ^17 || ^18 || ^19

  react@19.1.1:
    resolution: {integrity: sha512-w8nqGImo45dmMIfljjMwOGtbmC/mk4CMYhWIicdSflH91J9TyCyczcPFXJzrZ/ZXcgGRFeP6BU0BEJTw6tZdfQ==}
    engines: {node: '>=0.10.0'}

snapshots:

  '@hookform/resolvers@5.2.2(react-hook-form@7.63.0(react@19.1.1))':
    dependencies:
      '@standard-schema/utils': 0.3.0
      react-hook-form: 7.63.0(react@19.1.1)

  '@standard-schema/utils@0.3.0': {}

  react-hook-form@7.63.0(react@19.1.1):
    dependencies:
      react: 19.1.1

  react@19.1.1: {}
